
Microsoft Visual Studio Solution File, Format Version 12.00
# Visual Studio 15
VisualStudioVersion = 15.0.28010.2026
MinimumVisualStudioVersion = 10.0.40219.1
Project("{9A19103F-16F7-4668-BE54-9A1E7A4F7556}") = "SDMAssignment7", "SDMAssignment7\SDMAssignment7.csproj", "{F3A104D8-BE84-4203-896B-460A47181060}"
EndProject
Project("{FAE04EC0-301F-11D3-BF4B-00C04F79EFBC}") = "Test", "Test\Test.csproj", "{8ADB68C4-5C49-4B51-97CC-FB5252C66099}"
EndProject
Global
	GlobalSection(SolutionConfigurationPlatforms) = preSolution
		Debug|Any CPU = Debug|Any CPU
		Release|Any CPU = Release|Any CPU
	EndGlobalSection
	GlobalSection(ProjectConfigurationPlatforms) = postSolution
		{F3A104D8-BE84-4203-896B-460A47181060}.Debug|Any CPU.ActiveCfg = Debug|Any CPU
		{F3A104D8-BE84-4203-896B-460A47181060}.Debug|Any CPU.Build.0 = Debug|Any CPU
		{F3A104D8-BE84-4203-896B-460A47181060}.Release|Any CPU.ActiveCfg = Release|Any CPU
		{F3A104D8-BE84-4203-896B-460A47181060}.Release|Any CPU.Build.0 = Release|Any CPU
		{8ADB68C4-5C49-4B51-97CC-FB5252C66099}.Debug|Any CPU.ActiveCfg = Debug|Any CPU
		{8ADB68C4-5C49-4B51-97CC-FB5252C66099}.Debug|Any CPU.Build.0 = Debug|Any CPU
		{8ADB68C4-5C49-4B51-97CC-FB5252C66099}.Release|Any CPU.ActiveCfg = Release|Any CPU
		{8ADB68C4-5C49-4B51-97CC-FB5252C66099}.Release|Any CPU.Build.0 = Release|Any CPU
	EndGlobalSection
	GlobalSection(SolutionProperties) = preSolution
		HideSolutionNode = FALSE
	EndGlobalSection
	GlobalSection(ExtensibilityGlobals) = postSolution
		SolutionGuid = {77347752-1FE6-48DC-8E42-01A6838B5D46}
	EndGlobalSection
EndGlobal
